# THIS IS AN AUTOGENERATED FILE. DO NOT EDIT THIS FILE DIRECTLY.
# yarn lockfile v1


awesome-dev-jokes@^1.0.3:
  version "1.0.3"
  resolved "https://registry.yarnpkg.com/awesome-dev-jokes/-/awesome-dev-jokes-1.0.3.tgz#8f2d17b90edc0cbf88511dc9a3d462eb9496dd8a"
  integrity sha512-NR05SiOoLggOEaRrzQB3q27wId0nc2Z+EI8BfwnggTwKqjvX3Ww6NGhWAt2hr+rRg4xBCSzSSBYVKz5+4TO84w==
